// !$*UTF8*$!
{
	archiveVersion = 1;
	classes = {
	};
	objectVersion = 46;
	objects = {

/* Begin PBXBuildFile section */
		F1323C4F1DBF091C00A6888F /* main.cpp in Sources */ = {isa = PBXBuildFile; fileRef = F1323C4E1DBF091C00A6888F /* main.cpp */; };
		F17F85E31DCBCD470000BEBF /* porter2_stemmer.cpp in Sources */ = {isa = PBXBuildFile; fileRef = F17F85E11DCBCD470000BEBF /* porter2_stemmer.cpp */; };
/* End PBXBuildFile section */

/* Begin PBXCopyFilesBuildPhase section */
		F1323C491DBF091C00A6888F /* CopyFiles */ = {
			isa = PBXCopyFilesBuildPhase;
			buildActionMask = 2147483647;
			dstPath = /usr/share/man/man1/;
			dstSubfolderSpec = 0;
			files = (
			);
			runOnlyForDeploymentPostprocessing = 1;
		};
/* End PBXCopyFilesBuildPhase section */

/* Begin PBXFileReference section */
		F123A3921DC1520600A9D776 /* catch.hpp */ = {isa = PBXFileReference; lastKnownFileType = sourcecode.cpp.h; path = catch.hpp; sourceTree = "<group>"; };
		F123A3931DC504F700A9D776 /* tests.cpp */ = {isa = PBXFileReference; fileEncoding = 4; lastKnownFileType = sourcecode.cpp.cpp; path = tests.cpp; sourceTree = "<group>"; };
		F123A3951DC5077700A9D776 /* file.h */ = {isa = PBXFileReference; lastKnownFileType = sourcecode.c.h; path = file.h; sourceTree = "<group>"; };
		F123A3961DC50A7E00A9D776 /* DSVector.hpp */ = {isa = PBXFileReference; lastKnownFileType = sourcecode.cpp.h; path = DSVector.hpp; sourceTree = "<group>"; };
		F123A3971DC50DA700A9D776 /* parser.h */ = {isa = PBXFileReference; lastKnownFileType = sourcecode.c.h; path = parser.h; sourceTree = "<group>"; };
		F1323C4B1DBF091C00A6888F /* MiniWebSearch */ = {isa = PBXFileReference; explicitFileType = "compiled.mach-o.executable"; includeInIndex = 0; path = MiniWebSearch; sourceTree = BUILT_PRODUCTS_DIR; };
		F1323C4E1DBF091C00A6888F /* main.cpp */ = {isa = PBXFileReference; lastKnownFileType = sourcecode.cpp.cpp; path = main.cpp; sourceTree = "<group>"; };
		F1323C561DBF102B00A6888F /* AVLTree.h */ = {isa = PBXFileReference; lastKnownFileType = sourcecode.c.h; path = AVLTree.h; sourceTree = "<group>"; };
		F17F85E11DCBCD470000BEBF /* porter2_stemmer.cpp */ = {isa = PBXFileReference; fileEncoding = 4; lastKnownFileType = sourcecode.cpp.cpp; path = porter2_stemmer.cpp; sourceTree = "<group>"; };
		F17F85E21DCBCD470000BEBF /* porter2_stemmer.hpp */ = {isa = PBXFileReference; fileEncoding = 4; lastKnownFileType = sourcecode.cpp.h; path = porter2_stemmer.hpp; sourceTree = "<group>"; };
/* End PBXFileReference section */

/* Begin PBXFrameworksBuildPhase section */
		F1323C481DBF091C00A6888F /* Frameworks */ = {
			isa = PBXFrameworksBuildPhase;
			buildActionMask = 2147483647;
			files = (
			);
			runOnlyForDeploymentPostprocessing = 0;
		};
/* End PBXFrameworksBuildPhase section */

/* Begin PBXGroup section */
		F1323C421DBF091C00A6888F = {
			isa = PBXGroup;
			children = (
				F1323C4D1DBF091C00A6888F /* MiniWebSearch */,
				F1323C4C1DBF091C00A6888F /* Products */,
			);
			sourceTree = "<group>";
		};
		F1323C4C1DBF091C00A6888F /* Products */ = {
			isa = PBXGroup;
			children = (
				F1323C4B1DBF091C00A6888F /* MiniWebSearch */,
			);
			name = Products;
			sourceTree = "<group>";
		};
		F1323C4D1DBF091C00A6888F /* MiniWebSearch */ = {
			isa = PBXGroup;
			children = (
				F1323C4E1DBF091C00A6888F /* main.cpp */,
				F123A3971DC50DA700A9D776 /* parser.h */,
				F123A3951DC5077700A9D776 /* file.h */,
				F1323C561DBF102B00A6888F /* AVLTree.h */,
				F123A3961DC50A7E00A9D776 /* DSVector.hpp */,
				F123A3921DC1520600A9D776 /* catch.hpp */,
				F17F85E11DCBCD470000BEBF /* porter2_stemmer.cpp */,
				F17F85E21DCBCD470000BEBF /* porter2_stemmer.hpp */,
				F123A3931DC504F700A9D776 /* tests.cpp */,
			);
			path = MiniWebSearch;
			sourceTree = "<group>";
		};
/* End PBXGroup section */

/* Begin PBXNativeTarget section */
		F1323C4A1DBF091C00A6888F /* MiniWebSearch */ = {
			isa = PBXNativeTarget;
			buildConfigurationList = F1323C521DBF091C00A6888F /* Build configuration list for PBXNativeTarget "MiniWebSearch" */;
			buildPhases = (
				F1323C471DBF091C00A6888F /* Sources */,
				F1323C481DBF091C00A6888F /* Frameworks */,
				F1323C491DBF091C00A6888F /* CopyFiles */,
			);
			buildRules = (
			);
			dependencies = (
			);
			name = MiniWebSearch;
			productName = MiniWebSearch;
			productReference = F1323C4B1DBF091C00A6888F /* MiniWebSearch */;
			productType = "com.apple.product-type.tool";
		};
/* End PBXNativeTarget section */

/* Begin PBXProject section */
		F1323C431DBF091C00A6888F /* Project object */ = {
			isa = PBXProject;
			attributes = {
				LastUpgradeCheck = 0800;
				ORGANIZATIONNAME = Casey;
				TargetAttributes = {
					F1323C4A1DBF091C00A6888F = {
						CreatedOnToolsVersion = 8.0;
						ProvisioningStyle = Automatic;
					};
				};
			};
			buildConfigurationList = F1323C461DBF091C00A6888F /* Build configuration list for PBXProject "MiniWebSearch" */;
			compatibilityVersion = "Xcode 3.2";
			developmentRegion = English;
			hasScannedForEncodings = 0;
			knownRegions = (
				en,
			);
			mainGroup = F1323C421DBF091C00A6888F;
			productRefGroup = F1323C4C1DBF091C00A6888F /* Products */;
			projectDirPath = "";
			projectRoot = "";
			targets = (
				F1323C4A1DBF091C00A6888F /* MiniWebSearch */,
			);
		};
/* End PBXProject section */

/* Begin PBXSourcesBuildPhase section */
		F1323C471DBF091C00A6888F /* Sources */ = {
			isa = PBXSourcesBuildPhase;
			buildActionMask = 2147483647;
			files = (
				F17F85E31DCBCD470000BEBF /* porter2_stemmer.cpp in Sources */,
				F1323C4F1DBF091C00A6888F /* main.cpp in Sources */,
			);
			runOnlyForDeploymentPostprocessing = 0;
		};
/* End PBXSourcesBuildPhase section */

/* Begin XCBuildConfiguration section */
		F1323C501DBF091C00A6888F /* Debug */ = {
			isa = XCBuildConfiguration;
			buildSettings = {
				ALWAYS_SEARCH_USER_PATHS = NO;
				CLANG_ANALYZER_NONNULL = YES;
				CLANG_CXX_LANGUAGE_STANDARD = "gnu++0x";
				CLANG_CXX_LIBRARY = "libc++";
				CLANG_ENABLE_MODULES = YES;
				CLANG_ENABLE_OBJC_ARC = YES;
				CLANG_WARN_BOOL_CONVERSION = YES;
				CLANG_WARN_CONSTANT_CONVERSION = YES;
				CLANG_WARN_DIRECT_OBJC_ISA_USAGE = YES_ERROR;
				CLANG_WARN_DOCUMENTATION_COMMENTS = YES;
				CLANG_WARN_EMPTY_BODY = YES;
				CLANG_WARN_ENUM_CONVERSION = YES;
				CLANG_WARN_INFINITE_RECURSION = YES;
				CLANG_WARN_INT_CONVERSION = YES;
				CLANG_WARN_OBJC_ROOT_CLASS = YES_ERROR;
				CLANG_WARN_SUSPICIOUS_MOVES = YES;
				CLANG_WARN_UNREACHABLE_CODE = YES;
				CLANG_WARN__DUPLICATE_METHOD_MATCH = YES;
				CODE_SIGN_IDENTITY = "-";
				COPY_PHASE_STRIP = NO;
				DEBUG_INFORMATION_FORMAT = dwarf;
				ENABLE_STRICT_OBJC_MSGSEND = YES;
				ENABLE_TESTABILITY = YES;
				GCC_C_LANGUAGE_STANDARD = gnu99;
				GCC_DYNAMIC_NO_PIC = NO;
				GCC_NO_COMMON_BLOCKS = YES;
				GCC_OPTIMIZATION_LEVEL = 0;
				GCC_PREPROCESSOR_DEFINITIONS = (
					"DEBUG=1",
					"$(inherited)",
				);
				GCC_WARN_64_TO_32_BIT_CONVERSION = YES;
				GCC_WARN_ABOUT_RETURN_TYPE = YES_ERROR;
				GCC_WARN_UNDECLARED_SELECTOR = YES;
				GCC_WARN_UNINITIALIZED_AUTOS = YES_AGGRESSIVE;
				GCC_WARN_UNUSED_FUNCTION = YES;
				GCC_WARN_UNUSED_VARIABLE = YES;
				MACOSX_DEPLOYMENT_TARGET = 10.12;
				MTL_ENABLE_DEBUG_INFO = YES;
				ONLY_ACTIVE_ARCH = YES;
				SDKROOT = macosx;
			};
			name = Debug;
		};
		F1323C511DBF091C00A6888F /* Release */ = {
			isa = XCBuildConfiguration;
			buildSettings = {
				ALWAYS_SEARCH_USER_PATHS = NO;
				CLANG_ANALYZER_NONNULL = YES;
				CLANG_CXX_LANGUAGE_STANDARD = "gnu++0x";
				CLANG_CXX_LIBRARY = "libc++";
				CLANG_ENABLE_MODULES = YES;
				CLANG_ENABLE_OBJC_ARC = YES;
				CLANG_WARN_BOOL_CONVERSION = YES;
				CLANG_WARN_CONSTANT_CONVERSION = YES;
				CLANG_WARN_DIRECT_OBJC_ISA_USAGE = YES_ERROR;
				CLANG_WARN_DOCUMENTATION_COMMENTS = YES;
				CLANG_WARN_EMPTY_BODY = YES;
				CLANG_WARN_ENUM_CONVERSION = YES;
				CLANG_WARN_INFINITE_RECURSION = YES;
				CLANG_WARN_INT_CONVERSION = YES;
				CLANG_WARN_OBJC_ROOT_CLASS = YES_ERROR;
				CLANG_WARN_SUSPICIOUS_MOVES = YES;
				CLANG_WARN_UNREACHABLE_CODE = YES;
				CLANG_WARN__DUPLICATE_METHOD_MATCH = YES;
				CODE_SIGN_IDENTITY = "-";
				COPY_PHASE_STRIP = NO;
				DEBUG_INFORMATION_FORMAT = "dwarf-with-dsym";
				ENABLE_NS_ASSERTIONS = NO;
				ENABLE_STRICT_OBJC_MSGSEND = YES;
				GCC_C_LANGUAGE_STANDARD = gnu99;
				GCC_NO_COMMON_BLOCKS = YES;
				GCC_WARN_64_TO_32_BIT_CONVERSION = YES;
				GCC_WARN_ABOUT_RETURN_TYPE = YES_ERROR;
				GCC_WARN_UNDECLARED_SELECTOR = YES;
				GCC_WARN_UNINITIALIZED_AUTOS = YES_AGGRESSIVE;
				GCC_WARN_UNUSED_FUNCTION = YES;
				GCC_WARN_UNUSED_VARIABLE = YES;
				MACOSX_DEPLOYMENT_TARGET = 10.12;
				MTL_ENABLE_DEBUG_INFO = NO;
				SDKROOT = macosx;
			};
			name = Release;
		};
		F1323C531DBF091C00A6888F /* Debug */ = {
			isa = XCBuildConfiguration;
			buildSettings = {
				GCC_WARN_64_TO_32_BIT_CONVERSION = YES;
				PRODUCT_NAME = "$(TARGET_NAME)";
			};
			name = Debug;
		};
		F1323C541DBF091C00A6888F /* Release */ = {
			isa = XCBuildConfiguration;
			buildSettings = {
				GCC_WARN_64_TO_32_BIT_CONVERSION = YES;
				PRODUCT_NAME = "$(TARGET_NAME)";
			};
			name = Release;
		};
/* End XCBuildConfiguration section */

/* Begin XCConfigurationList section */
		F1323C461DBF091C00A6888F /* Build configuration list for PBXProject "MiniWebSearch" */ = {
			isa = XCConfigurationList;
			buildConfigurations = (
				F1323C501DBF091C00A6888F /* Debug */,
				F1323C511DBF091C00A6888F /* Release */,
			);
			defaultConfigurationIsVisible = 0;
			defaultConfigurationName = Release;
		};
		F1323C521DBF091C00A6888F /* Build configuration list for PBXNativeTarget "MiniWebSearch" */ = {
			isa = XCConfigurationList;
			buildConfigurations = (
				F1323C531DBF091C00A6888F /* Debug */,
				F1323C541DBF091C00A6888F /* Release */,
			);
			defaultConfigurationIsVisible = 0;
			defaultConfigurationName = Release;
		};
/* End XCConfigurationList section */
	};
	rootObject = F1323C431DBF091C00A6888F /* Project object */;
}
